
Microsoft Visual Studio Solution File, Format Version 12.00
# Visual Studio Version 17
VisualStudioVersion = 17.11.35327.3
MinimumVisualStudioVersion = 10.0.40219.1
Project("{FAE04EC0-301F-11D3-BF4B-00C04F79EFBC}") = "Examen practico", "Examen practico\Examen practico.csproj", "{224286A7-B15B-42E5-AAC3-06C16DDAA771}"
EndProject
Global
	GlobalSection(SolutionConfigurationPlatforms) = preSolution
		Debug|Any CPU = Debug|Any CPU
		Release|Any CPU = Release|Any CPU
	EndGlobalSection
	GlobalSection(ProjectConfigurationPlatforms) = postSolution
		{224286A7-B15B-42E5-AAC3-06C16DDAA771}.Debug|Any CPU.ActiveCfg = Debug|Any CPU
		{224286A7-B15B-42E5-AAC3-06C16DDAA771}.Debug|Any CPU.Build.0 = Debug|Any CPU
		{224286A7-B15B-42E5-AAC3-06C16DDAA771}.Release|Any CPU.ActiveCfg = Release|Any CPU
		{224286A7-B15B-42E5-AAC3-06C16DDAA771}.Release|Any CPU.Build.0 = Release|Any CPU
	EndGlobalSection
	GlobalSection(SolutionProperties) = preSolution
		HideSolutionNode = FALSE
	EndGlobalSection
	GlobalSection(ExtensibilityGlobals) = postSolution
		SolutionGuid = {FFCDBF09-2E6F-4575-B023-D793F67F578E}
	EndGlobalSection
EndGlobal
